# Exact pins, resolved for linux on ubuntu:24.04 with python3. Used by run/Dockerfile and run/setup-wsl.sh.
# Regenerate whenever requirements.txt changes.
# Every entry is an exact pin; no ranges, no `latest`.
anyio==4.15.1
brotli==1.2.0
certifi==2026.7.22
cffi==2.1.1
cryptography==50.0.2
defusedxml==0.7.1
dnspython==2.8.0
h11==0.16.0
httpcore==1.0.9
httpx==0.28.1
idna==3.20
ImageHash==4.3.2
mmh3==5.3.1
numpy==2.5.3
pillow==12.3.0
pycparser==3.0
PyWavelets==1.10.0
PyYAML==6.0.3
resvg_py==0.5.0
scipy==1.18.1
typing_extensions==4.16.0
